
Microsoft Visual Studio Solution File, Format Version 12.00
# Visual Studio Version 16
VisualStudioVersion = 16.0.30621.155
MinimumVisualStudioVersion = 10.0.40219.1
Project("{FAE04EC0-301F-11D3-BF4B-00C04F79EFBC}") = "loc-trung", "loc-trung\loc-trung.csproj", "{45BC9D86-8211-4188-9591-37FA4E5F9871}"
EndProject
Global
	GlobalSection(SolutionConfigurationPlatforms) = preSolution
		Debug|Any CPU = Debug|Any CPU
		Release|Any CPU = Release|Any CPU
	EndGlobalSection
	GlobalSection(ProjectConfigurationPlatforms) = postSolution
		{45BC9D86-8211-4188-9591-37FA4E5F9871}.Debug|Any CPU.ActiveCfg = Debug|Any CPU
		{45BC9D86-8211-4188-9591-37FA4E5F9871}.Debug|Any CPU.Build.0 = Debug|Any CPU
		{45BC9D86-8211-4188-9591-37FA4E5F9871}.Release|Any CPU.ActiveCfg = Release|Any CPU
		{45BC9D86-8211-4188-9591-37FA4E5F9871}.Release|Any CPU.Build.0 = Release|Any CPU
	EndGlobalSection
	GlobalSection(SolutionProperties) = preSolution
		HideSolutionNode = FALSE
	EndGlobalSection
	GlobalSection(ExtensibilityGlobals) = postSolution
		SolutionGuid = {551F7194-60A1-40B1-AF28-82C48483895D}
	EndGlobalSection
EndGlobal
